// !$*UTF8*$!
{
	archiveVersion = 1;
	classes = {
	};
	objectVersion = 48;
	objects = {

/* Begin PBXBuildFile section */
		9AACD1A68297585D93FB6182 /* Pods_loopr_iosTests.framework in Frameworks */ = {isa = PBXBuildFile; fileRef = 5FFC6AA9DC8C999B66FFD8AA /* Pods_loopr_iosTests.framework */; };
		AC01A2412022D94600FE8317 /* PortfolioNavigationController.swift in Sources */ = {isa = PBXBuildFile; fileRef = AC01A2402022D94600FE8317 /* PortfolioNavigationController.swift */; };
		AC01A2442022D9BE00FE8317 /* PortfolioViewController.swift in Sources */ = {isa = PBXBuildFile; fileRef = AC01A2422022D9BE00FE8317 /* PortfolioViewController.swift */; };
		AC01A2452022D9BE00FE8317 /* PortfolioViewController.xib in Resources */ = {isa = PBXBuildFile; fileRef = AC01A2432022D9BE00FE8317 /* PortfolioViewController.xib */; };
		AC798E432022B93A0071D477 /* AppDelegate.swift in Sources */ = {isa = PBXBuildFile; fileRef = AC798E422022B93A0071D477 /* AppDelegate.swift */; };
		AC798E4A2022B93A0071D477 /* Main.storyboard in Resources */ = {isa = PBXBuildFile; fileRef = AC798E482022B93A0071D477 /* Main.storyboard */; };
		AC798E4C2022B93A0071D477 /* Assets.xcassets in Resources */ = {isa = PBXBuildFile; fileRef = AC798E4B2022B93A0071D477 /* Assets.xcassets */; };
		AC798E4F2022B93A0071D477 /* LaunchScreen.storyboard in Resources */ = {isa = PBXBuildFile; fileRef = AC798E4D2022B93A0071D477 /* LaunchScreen.storyboard */; };
		AC798E5A2022B93B0071D477 /* loopr_iosTests.swift in Sources */ = {isa = PBXBuildFile; fileRef = AC798E592022B93B0071D477 /* loopr_iosTests.swift */; };
		AC798E652022B93B0071D477 /* loopr_iosUITests.swift in Sources */ = {isa = PBXBuildFile; fileRef = AC798E642022B93B0071D477 /* loopr_iosUITests.swift */; };
		ACB911522024254F00F14644 /* WalletNavigationViewController.swift in Sources */ = {isa = PBXBuildFile; fileRef = ACB911512024254F00F14644 /* WalletNavigationViewController.swift */; };
		ACB911552024260E00F14644 /* WalletViewController.swift in Sources */ = {isa = PBXBuildFile; fileRef = ACB911532024260E00F14644 /* WalletViewController.swift */; };
		ACB911562024260E00F14644 /* WalletViewController.xib in Resources */ = {isa = PBXBuildFile; fileRef = ACB911542024260E00F14644 /* WalletViewController.xib */; };
		ACB9115A20242B9D00F14644 /* AssetTableViewCell.swift in Sources */ = {isa = PBXBuildFile; fileRef = ACB9115820242B9D00F14644 /* AssetTableViewCell.swift */; };
		ACB9115B20242B9D00F14644 /* AssetTableViewCell.xib in Resources */ = {isa = PBXBuildFile; fileRef = ACB9115920242B9D00F14644 /* AssetTableViewCell.xib */; };
		D9524CB21C9A148B2F4D503B /* Pods_loopr_iosUITests.framework in Frameworks */ = {isa = PBXBuildFile; fileRef = CBFBD618D375438178B6033F /* Pods_loopr_iosUITests.framework */; };
		EE817669636361AFF682A8F5 /* Pods_loopr_ios.framework in Frameworks */ = {isa = PBXBuildFile; fileRef = 929BB32EF62C4BD6BC1DFC8F /* Pods_loopr_ios.framework */; };
/* End PBXBuildFile section */

/* Begin PBXContainerItemProxy section */
		AC798E562022B93B0071D477 /* PBXContainerItemProxy */ = {
			isa = PBXContainerItemProxy;
			containerPortal = AC798E372022B93A0071D477 /* Project object */;
			proxyType = 1;
			remoteGlobalIDString = AC798E3E2022B93A0071D477;
			remoteInfo = "loopr-ios";
		};
		AC798E612022B93B0071D477 /* PBXContainerItemProxy */ = {
			isa = PBXContainerItemProxy;
			containerPortal = AC798E372022B93A0071D477 /* Project object */;
			proxyType = 1;
			remoteGlobalIDString = AC798E3E2022B93A0071D477;
			remoteInfo = "loopr-ios";
		};
/* End PBXContainerItemProxy section */

/* Begin PBXFileReference section */
		09AF2EB7279F5BD504C39C93 /* Pods-loopr-iosTests.debug.xcconfig */ = {isa = PBXFileReference; includeInIndex = 1; lastKnownFileType = text.xcconfig; name = "Pods-loopr-iosTests.debug.xcconfig"; path = "Pods/Target Support Files/Pods-loopr-iosTests/Pods-loopr-iosTests.debug.xcconfig"; sourceTree = "<group>"; };
		0C8EC92DEC13D2448238E02B /* Pods-loopr-ios.release.xcconfig */ = {isa = PBXFileReference; includeInIndex = 1; lastKnownFileType = text.xcconfig; name = "Pods-loopr-ios.release.xcconfig"; path = "Pods/Target Support Files/Pods-loopr-ios/Pods-loopr-ios.release.xcconfig"; sourceTree = "<group>"; };
		1F40868E7899CDB0053DBF0D /* Pods-loopr-iosUITests.debug.xcconfig */ = {isa = PBXFileReference; includeInIndex = 1; lastKnownFileType = text.xcconfig; name = "Pods-loopr-iosUITests.debug.xcconfig"; path = "Pods/Target Support Files/Pods-loopr-iosUITests/Pods-loopr-iosUITests.debug.xcconfig"; sourceTree = "<group>"; };
		313AB53F5B8B485D1FE9A61C /* Pods-loopr-iosUITests.release.xcconfig */ = {isa = PBXFileReference; includeInIndex = 1; lastKnownFileType = text.xcconfig; name = "Pods-loopr-iosUITests.release.xcconfig"; path = "Pods/Target Support Files/Pods-loopr-iosUITests/Pods-loopr-iosUITests.release.xcconfig"; sourceTree = "<group>"; };
		39749EB6C85A60ED73F83B9E /* Pods-loopr-ios.debug.xcconfig */ = {isa = PBXFileReference; includeInIndex = 1; lastKnownFileType = text.xcconfig; name = "Pods-loopr-ios.debug.xcconfig"; path = "Pods/Target Support Files/Pods-loopr-ios/Pods-loopr-ios.debug.xcconfig"; sourceTree = "<group>"; };
		5FFC6AA9DC8C999B66FFD8AA /* Pods_loopr_iosTests.framework */ = {isa = PBXFileReference; explicitFileType = wrapper.framework; includeInIndex = 0; path = Pods_loopr_iosTests.framework; sourceTree = BUILT_PRODUCTS_DIR; };
		69BC13297FDFA52B8E089485 /* Pods-loopr-iosTests.release.xcconfig */ = {isa = PBXFileReference; includeInIndex = 1; lastKnownFileType = text.xcconfig; name = "Pods-loopr-iosTests.release.xcconfig"; path = "Pods/Target Support Files/Pods-loopr-iosTests/Pods-loopr-iosTests.release.xcconfig"; sourceTree = "<group>"; };
		929BB32EF62C4BD6BC1DFC8F /* Pods_loopr_ios.framework */ = {isa = PBXFileReference; explicitFileType = wrapper.framework; includeInIndex = 0; path = Pods_loopr_ios.framework; sourceTree = BUILT_PRODUCTS_DIR; };
		AC01A2402022D94600FE8317 /* PortfolioNavigationController.swift */ = {isa = PBXFileReference; lastKnownFileType = sourcecode.swift; path = PortfolioNavigationController.swift; sourceTree = "<group>"; };
		AC01A2422022D9BE00FE8317 /* PortfolioViewController.swift */ = {isa = PBXFileReference; lastKnownFileType = sourcecode.swift; path = PortfolioViewController.swift; sourceTree = "<group>"; };
		AC01A2432022D9BE00FE8317 /* PortfolioViewController.xib */ = {isa = PBXFileReference; lastKnownFileType = file.xib; path = PortfolioViewController.xib; sourceTree = "<group>"; };
		AC798E3F2022B93A0071D477 /* loopr-ios.app */ = {isa = PBXFileReference; explicitFileType = wrapper.application; includeInIndex = 0; path = "loopr-ios.app"; sourceTree = BUILT_PRODUCTS_DIR; };
		AC798E422022B93A0071D477 /* AppDelegate.swift */ = {isa = PBXFileReference; lastKnownFileType = sourcecode.swift; path = AppDelegate.swift; sourceTree = "<group>"; };
		AC798E492022B93A0071D477 /* Base */ = {isa = PBXFileReference; lastKnownFileType = file.storyboard; name = Base; path = Base.lproj/Main.storyboard; sourceTree = "<group>"; };
		AC798E4B2022B93A0071D477 /* Assets.xcassets */ = {isa = PBXFileReference; lastKnownFileType = folder.assetcatalog; path = Assets.xcassets; sourceTree = "<group>"; };
		AC798E4E2022B93A0071D477 /* Base */ = {isa = PBXFileReference; lastKnownFileType = file.storyboard; name = Base; path = Base.lproj/LaunchScreen.storyboard; sourceTree = "<group>"; };
		AC798E502022B93A0071D477 /* Info.plist */ = {isa = PBXFileReference; lastKnownFileType = text.plist.xml; path = Info.plist; sourceTree = "<group>"; };
		AC798E552022B93B0071D477 /* loopr-iosTests.xctest */ = {isa = PBXFileReference; explicitFileType = wrapper.cfbundle; includeInIndex = 0; path = "loopr-iosTests.xctest"; sourceTree = BUILT_PRODUCTS_DIR; };
		AC798E592022B93B0071D477 /* loopr_iosTests.swift */ = {isa = PBXFileReference; lastKnownFileType = sourcecode.swift; path = loopr_iosTests.swift; sourceTree = "<group>"; };
		AC798E5B2022B93B0071D477 /* Info.plist */ = {isa = PBXFileReference; lastKnownFileType = text.plist.xml; path = Info.plist; sourceTree = "<group>"; };
		AC798E602022B93B0071D477 /* loopr-iosUITests.xctest */ = {isa = PBXFileReference; explicitFileType = wrapper.cfbundle; includeInIndex = 0; path = "loopr-iosUITests.xctest"; sourceTree = BUILT_PRODUCTS_DIR; };
		AC798E642022B93B0071D477 /* loopr_iosUITests.swift */ = {isa = PBXFileReference; lastKnownFileType = sourcecode.swift; path = loopr_iosUITests.swift; sourceTree = "<group>"; };
		AC798E662022B93B0071D477 /* Info.plist */ = {isa = PBXFileReference; lastKnownFileType = text.plist.xml; path = Info.plist; sourceTree = "<group>"; };
		ACB911512024254F00F14644 /* WalletNavigationViewController.swift */ = {isa = PBXFileReference; lastKnownFileType = sourcecode.swift; path = WalletNavigationViewController.swift; sourceTree = "<group>"; };
		ACB911532024260E00F14644 /* WalletViewController.swift */ = {isa = PBXFileReference; lastKnownFileType = sourcecode.swift; path = WalletViewController.swift; sourceTree = "<group>"; };
		ACB911542024260E00F14644 /* WalletViewController.xib */ = {isa = PBXFileReference; lastKnownFileType = file.xib; path = WalletViewController.xib; sourceTree = "<group>"; };
		ACB9115820242B9D00F14644 /* AssetTableViewCell.swift */ = {isa = PBXFileReference; lastKnownFileType = sourcecode.swift; path = AssetTableViewCell.swift; sourceTree = "<group>"; };
		ACB9115920242B9D00F14644 /* AssetTableViewCell.xib */ = {isa = PBXFileReference; lastKnownFileType = file.xib; path = AssetTableViewCell.xib; sourceTree = "<group>"; };
		CBFBD618D375438178B6033F /* Pods_loopr_iosUITests.framework */ = {isa = PBXFileReference; explicitFileType = wrapper.framework; includeInIndex = 0; path = Pods_loopr_iosUITests.framework; sourceTree = BUILT_PRODUCTS_DIR; };
/* End PBXFileReference section */

/* Begin PBXFrameworksBuildPhase section */
		AC798E3C2022B93A0071D477 /* Frameworks */ = {
			isa = PBXFrameworksBuildPhase;
			buildActionMask = 2147483647;
			files = (
				EE817669636361AFF682A8F5 /* Pods_loopr_ios.framework in Frameworks */,
			);
			runOnlyForDeploymentPostprocessing = 0;
		};
		AC798E522022B93B0071D477 /* Frameworks */ = {
			isa = PBXFrameworksBuildPhase;
			buildActionMask = 2147483647;
			files = (
				9AACD1A68297585D93FB6182 /* Pods_loopr_iosTests.framework in Frameworks */,
			);
			runOnlyForDeploymentPostprocessing = 0;
		};
		AC798E5D2022B93B0071D477 /* Frameworks */ = {
			isa = PBXFrameworksBuildPhase;
			buildActionMask = 2147483647;
			files = (
				D9524CB21C9A148B2F4D503B /* Pods_loopr_iosUITests.framework in Frameworks */,
			);
			runOnlyForDeploymentPostprocessing = 0;
		};
/* End PBXFrameworksBuildPhase section */

/* Begin PBXGroup section */
		573126224A6973A7617FB170 /* Frameworks */ = {
			isa = PBXGroup;
			children = (
				929BB32EF62C4BD6BC1DFC8F /* Pods_loopr_ios.framework */,
				5FFC6AA9DC8C999B66FFD8AA /* Pods_loopr_iosTests.framework */,
				CBFBD618D375438178B6033F /* Pods_loopr_iosUITests.framework */,
			);
			name = Frameworks;
			sourceTree = "<group>";
		};
		970E368BCD1AFC73151579EF /* Pods */ = {
			isa = PBXGroup;
			children = (
				39749EB6C85A60ED73F83B9E /* Pods-loopr-ios.debug.xcconfig */,
				0C8EC92DEC13D2448238E02B /* Pods-loopr-ios.release.xcconfig */,
				09AF2EB7279F5BD504C39C93 /* Pods-loopr-iosTests.debug.xcconfig */,
				69BC13297FDFA52B8E089485 /* Pods-loopr-iosTests.release.xcconfig */,
				1F40868E7899CDB0053DBF0D /* Pods-loopr-iosUITests.debug.xcconfig */,
				313AB53F5B8B485D1FE9A61C /* Pods-loopr-iosUITests.release.xcconfig */,
			);
			name = Pods;
			sourceTree = "<group>";
		};
		AC798E362022B93A0071D477 = {
			isa = PBXGroup;
			children = (
				AC798E412022B93A0071D477 /* loopr-ios */,
				AC798E582022B93B0071D477 /* loopr-iosTests */,
				AC798E632022B93B0071D477 /* loopr-iosUITests */,
				AC798E402022B93A0071D477 /* Products */,
				970E368BCD1AFC73151579EF /* Pods */,
				573126224A6973A7617FB170 /* Frameworks */,
			);
			sourceTree = "<group>";
		};
		AC798E402022B93A0071D477 /* Products */ = {
			isa = PBXGroup;
			children = (
				AC798E3F2022B93A0071D477 /* loopr-ios.app */,
				AC798E552022B93B0071D477 /* loopr-iosTests.xctest */,
				AC798E602022B93B0071D477 /* loopr-iosUITests.xctest */,
			);
			name = Products;
			sourceTree = "<group>";
		};
		AC798E412022B93A0071D477 /* loopr-ios */ = {
			isa = PBXGroup;
			children = (
				AC798E422022B93A0071D477 /* AppDelegate.swift */,
				AC798E482022B93A0071D477 /* Main.storyboard */,
				ACB9115C20242D8900F14644 /* Portfolio */,
				ACB9115D20242D9900F14644 /* Wallet */,
				AC798E4B2022B93A0071D477 /* Assets.xcassets */,
				AC798E4D2022B93A0071D477 /* LaunchScreen.storyboard */,
				AC798E502022B93A0071D477 /* Info.plist */,
			);
			path = "loopr-ios";
			sourceTree = "<group>";
		};
		AC798E582022B93B0071D477 /* loopr-iosTests */ = {
			isa = PBXGroup;
			children = (
				AC798E592022B93B0071D477 /* loopr_iosTests.swift */,
				AC798E5B2022B93B0071D477 /* Info.plist */,
			);
			path = "loopr-iosTests";
			sourceTree = "<group>";
		};
		AC798E632022B93B0071D477 /* loopr-iosUITests */ = {
			isa = PBXGroup;
			children = (
				AC798E642022B93B0071D477 /* loopr_iosUITests.swift */,
				AC798E662022B93B0071D477 /* Info.plist */,
			);
			path = "loopr-iosUITests";
			sourceTree = "<group>";
		};
		ACB9115C20242D8900F14644 /* Portfolio */ = {
			isa = PBXGroup;
			children = (
				AC01A2402022D94600FE8317 /* PortfolioNavigationController.swift */,
				AC01A2422022D9BE00FE8317 /* PortfolioViewController.swift */,
				AC01A2432022D9BE00FE8317 /* PortfolioViewController.xib */,
			);
			path = Portfolio;
			sourceTree = "<group>";
		};
		ACB9115D20242D9900F14644 /* Wallet */ = {
			isa = PBXGroup;
			children = (
				ACB911512024254F00F14644 /* WalletNavigationViewController.swift */,
				ACB911532024260E00F14644 /* WalletViewController.swift */,
				ACB911542024260E00F14644 /* WalletViewController.xib */,
				ACB9115820242B9D00F14644 /* AssetTableViewCell.swift */,
				ACB9115920242B9D00F14644 /* AssetTableViewCell.xib */,
			);
			path = Wallet;
			sourceTree = "<group>";
		};
/* End PBXGroup section */

/* Begin PBXNativeTarget section */
		AC798E3E2022B93A0071D477 /* loopr-ios */ = {
			isa = PBXNativeTarget;
			buildConfigurationList = AC798E692022B93B0071D477 /* Build configuration list for PBXNativeTarget "loopr-ios" */;
			buildPhases = (
				43C02025D6707115039922F1 /* [CP] Check Pods Manifest.lock */,
				AC798E3B2022B93A0071D477 /* Sources */,
				AC798E3C2022B93A0071D477 /* Frameworks */,
				AC798E3D2022B93A0071D477 /* Resources */,
				0E6AB3A8815786A8DF506C6B /* [CP] Embed Pods Frameworks */,
				59A2084A08DBD1B707A73CEF /* [CP] Copy Pods Resources */,
			);
			buildRules = (
			);
			dependencies = (
			);
			name = "loopr-ios";
			productName = "loopr-ios";
			productReference = AC798E3F2022B93A0071D477 /* loopr-ios.app */;
			productType = "com.apple.product-type.application";
		};
		AC798E542022B93B0071D477 /* loopr-iosTests */ = {
			isa = PBXNativeTarget;
			buildConfigurationList = AC798E6C2022B93B0071D477 /* Build configuration list for PBXNativeTarget "loopr-iosTests" */;
			buildPhases = (
				ABB64C7113A48ECCBB8BDCE4 /* [CP] Check Pods Manifest.lock */,
				AC798E512022B93B0071D477 /* Sources */,
				AC798E522022B93B0071D477 /* Frameworks */,
				AC798E532022B93B0071D477 /* Resources */,
				962800ABC5C8EFA3657065EF /* [CP] Embed Pods Frameworks */,
				70498C13D97F77C343A0F2F8 /* [CP] Copy Pods Resources */,
			);
			buildRules = (
			);
			dependencies = (
				AC798E572022B93B0071D477 /* PBXTargetDependency */,
			);
			name = "loopr-iosTests";
			productName = "loopr-iosTests";
			productReference = AC798E552022B93B0071D477 /* loopr-iosTests.xctest */;
			productType = "com.apple.product-type.bundle.unit-test";
		};
		AC798E5F2022B93B0071D477 /* loopr-iosUITests */ = {
			isa = PBXNativeTarget;
			buildConfigurationList = AC798E6F2022B93B0071D477 /* Build configuration list for PBXNativeTarget "loopr-iosUITests" */;
			buildPhases = (
				DCF4C59D7E52728A321C4E0C /* [CP] Check Pods Manifest.lock */,
				AC798E5C2022B93B0071D477 /* Sources */,
				AC798E5D2022B93B0071D477 /* Frameworks */,
				AC798E5E2022B93B0071D477 /* Resources */,
				4E7E6037B6CD801B5E32ECA6 /* [CP] Embed Pods Frameworks */,
				5A7D1E96B3FBF0EC8A3A07A1 /* [CP] Copy Pods Resources */,
			);
			buildRules = (
			);
			dependencies = (
				AC798E622022B93B0071D477 /* PBXTargetDependency */,
			);
			name = "loopr-iosUITests";
			productName = "loopr-iosUITests";
			productReference = AC798E602022B93B0071D477 /* loopr-iosUITests.xctest */;
			productType = "com.apple.product-type.bundle.ui-testing";
		};
/* End PBXNativeTarget section */

/* Begin PBXProject section */
		AC798E372022B93A0071D477 /* Project object */ = {
			isa = PBXProject;
			attributes = {
				LastSwiftUpdateCheck = 0920;
				LastUpgradeCheck = 0920;
				ORGANIZATIONNAME = Loopring;
				TargetAttributes = {
					AC798E3E2022B93A0071D477 = {
						CreatedOnToolsVersion = 9.2;
						ProvisioningStyle = Automatic;
					};
					AC798E542022B93B0071D477 = {
						CreatedOnToolsVersion = 9.2;
						ProvisioningStyle = Automatic;
						TestTargetID = AC798E3E2022B93A0071D477;
					};
					AC798E5F2022B93B0071D477 = {
						CreatedOnToolsVersion = 9.2;
						ProvisioningStyle = Automatic;
						TestTargetID = AC798E3E2022B93A0071D477;
					};
				};
			};
			buildConfigurationList = AC798E3A2022B93A0071D477 /* Build configuration list for PBXProject "loopr-ios" */;
			compatibilityVersion = "Xcode 8.0";
			developmentRegion = en;
			hasScannedForEncodings = 0;
			knownRegions = (
				en,
				Base,
			);
			mainGroup = AC798E362022B93A0071D477;
			productRefGroup = AC798E402022B93A0071D477 /* Products */;
			projectDirPath = "";
			projectRoot = "";
			targets = (
				AC798E3E2022B93A0071D477 /* loopr-ios */,
				AC798E542022B93B0071D477 /* loopr-iosTests */,
				AC798E5F2022B93B0071D477 /* loopr-iosUITests */,
			);
		};
/* End PBXProject section */

/* Begin PBXResourcesBuildPhase section */
		AC798E3D2022B93A0071D477 /* Resources */ = {
			isa = PBXResourcesBuildPhase;
			buildActionMask = 2147483647;
			files = (
				AC798E4F2022B93A0071D477 /* LaunchScreen.storyboard in Resources */,
				ACB911562024260E00F14644 /* WalletViewController.xib in Resources */,
				ACB9115B20242B9D00F14644 /* AssetTableViewCell.xib in Resources */,
				AC01A2452022D9BE00FE8317 /* PortfolioViewController.xib in Resources */,
				AC798E4C2022B93A0071D477 /* Assets.xcassets in Resources */,
				AC798E4A2022B93A0071D477 /* Main.storyboard in Resources */,
			);
			runOnlyForDeploymentPostprocessing = 0;
		};
		AC798E532022B93B0071D477 /* Resources */ = {
			isa = PBXResourcesBuildPhase;
			buildActionMask = 2147483647;
			files = (
			);
			runOnlyForDeploymentPostprocessing = 0;
		};
		AC798E5E2022B93B0071D477 /* Resources */ = {
			isa = PBXResourcesBuildPhase;
			buildActionMask = 2147483647;
			files = (
			);
			runOnlyForDeploymentPostprocessing = 0;
		};
/* End PBXResourcesBuildPhase section */

/* Begin PBXShellScriptBuildPhase section */
		0E6AB3A8815786A8DF506C6B /* [CP] Embed Pods Frameworks */ = {
			isa = PBXShellScriptBuildPhase;
			buildActionMask = 2147483647;
			files = (
			);
			inputPaths = (
				"${SRCROOT}/Pods/Target Support Files/Pods-loopr-ios/Pods-loopr-ios-frameworks.sh",
				"${BUILT_PRODUCTS_DIR}/Charts/Charts.framework",
			);
			name = "[CP] Embed Pods Frameworks";
			outputPaths = (
				"${TARGET_BUILD_DIR}/${FRAMEWORKS_FOLDER_PATH}/Charts.framework",
			);
			runOnlyForDeploymentPostprocessing = 0;
			shellPath = /bin/sh;
			shellScript = "\"${SRCROOT}/Pods/Target Support Files/Pods-loopr-ios/Pods-loopr-ios-frameworks.sh\"\n";
			showEnvVarsInLog = 0;
		};
		43C02025D6707115039922F1 /* [CP] Check Pods Manifest.lock */ = {
			isa = PBXShellScriptBuildPhase;
			buildActionMask = 2147483647;
			files = (
			);
			inputPaths = (
				"${PODS_PODFILE_DIR_PATH}/Podfile.lock",
				"${PODS_ROOT}/Manifest.lock",
			);
			name = "[CP] Check Pods Manifest.lock";
			outputPaths = (
				"$(DERIVED_FILE_DIR)/Pods-loopr-ios-checkManifestLockResult.txt",
			);
			runOnlyForDeploymentPostprocessing = 0;
			shellPath = /bin/sh;
			shellScript = "diff \"${PODS_PODFILE_DIR_PATH}/Podfile.lock\" \"${PODS_ROOT}/Manifest.lock\" > /dev/null\nif [ $? != 0 ] ; then\n    # print error to STDERR\n    echo \"error: The sandbox is not in sync with the Podfile.lock. Run 'pod install' or update your CocoaPods installation.\" >&2\n    exit 1\nfi\n# This output is used by Xcode 'outputs' to avoid re-running this script phase.\necho \"SUCCESS\" > \"${SCRIPT_OUTPUT_FILE_0}\"\n";
			showEnvVarsInLog = 0;
		};
		4E7E6037B6CD801B5E32ECA6 /* [CP] Embed Pods Frameworks */ = {
			isa = PBXShellScriptBuildPhase;
			buildActionMask = 2147483647;
			files = (
			);
			inputPaths = (
			);
			name = "[CP] Embed Pods Frameworks";
			outputPaths = (
			);
			runOnlyForDeploymentPostprocessing = 0;
			shellPath = /bin/sh;
			shellScript = "\"${SRCROOT}/Pods/Target Support Files/Pods-loopr-iosUITests/Pods-loopr-iosUITests-frameworks.sh\"\n";
			showEnvVarsInLog = 0;
		};
		59A2084A08DBD1B707A73CEF /* [CP] Copy Pods Resources */ = {
			isa = PBXShellScriptBuildPhase;
			buildActionMask = 2147483647;
			files = (
			);
			inputPaths = (
			);
			name = "[CP] Copy Pods Resources";
			outputPaths = (
			);
			runOnlyForDeploymentPostprocessing = 0;
			shellPath = /bin/sh;
			shellScript = "\"${SRCROOT}/Pods/Target Support Files/Pods-loopr-ios/Pods-loopr-ios-resources.sh\"\n";
			showEnvVarsInLog = 0;
		};
		5A7D1E96B3FBF0EC8A3A07A1 /* [CP] Copy Pods Resources */ = {
			isa = PBXShellScriptBuildPhase;
			buildActionMask = 2147483647;
			files = (
			);
			inputPaths = (
			);
			name = "[CP] Copy Pods Resources";
			outputPaths = (
			);
			runOnlyForDeploymentPostprocessing = 0;
			shellPath = /bin/sh;
			shellScript = "\"${SRCROOT}/Pods/Target Support Files/Pods-loopr-iosUITests/Pods-loopr-iosUITests-resources.sh\"\n";
			showEnvVarsInLog = 0;
		};
		70498C13D97F77C343A0F2F8 /* [CP] Copy Pods Resources */ = {
			isa = PBXShellScriptBuildPhase;
			buildActionMask = 2147483647;
			files = (
			);
			inputPaths = (
			);
			name = "[CP] Copy Pods Resources";
			outputPaths = (
			);
			runOnlyForDeploymentPostprocessing = 0;
			shellPath = /bin/sh;
			shellScript = "\"${SRCROOT}/Pods/Target Support Files/Pods-loopr-iosTests/Pods-loopr-iosTests-resources.sh\"\n";
			showEnvVarsInLog = 0;
		};
		962800ABC5C8EFA3657065EF /* [CP] Embed Pods Frameworks */ = {
			isa = PBXShellScriptBuildPhase;
			buildActionMask = 2147483647;
			files = (
			);
			inputPaths = (
			);
			name = "[CP] Embed Pods Frameworks";
			outputPaths = (
			);
			runOnlyForDeploymentPostprocessing = 0;
			shellPath = /bin/sh;
			shellScript = "\"${SRCROOT}/Pods/Target Support Files/Pods-loopr-iosTests/Pods-loopr-iosTests-frameworks.sh\"\n";
			showEnvVarsInLog = 0;
		};
		ABB64C7113A48ECCBB8BDCE4 /* [CP] Check Pods Manifest.lock */ = {
			isa = PBXShellScriptBuildPhase;
			buildActionMask = 2147483647;
			files = (
			);
			inputPaths = (
				"${PODS_PODFILE_DIR_PATH}/Podfile.lock",
				"${PODS_ROOT}/Manifest.lock",
			);
			name = "[CP] Check Pods Manifest.lock";
			outputPaths = (
				"$(DERIVED_FILE_DIR)/Pods-loopr-iosTests-checkManifestLockResult.txt",
			);
			runOnlyForDeploymentPostprocessing = 0;
			shellPath = /bin/sh;
			shellScript = "diff \"${PODS_PODFILE_DIR_PATH}/Podfile.lock\" \"${PODS_ROOT}/Manifest.lock\" > /dev/null\nif [ $? != 0 ] ; then\n    # print error to STDERR\n    echo \"error: The sandbox is not in sync with the Podfile.lock. Run 'pod install' or update your CocoaPods installation.\" >&2\n    exit 1\nfi\n# This output is used by Xcode 'outputs' to avoid re-running this script phase.\necho \"SUCCESS\" > \"${SCRIPT_OUTPUT_FILE_0}\"\n";
			showEnvVarsInLog = 0;
		};
		DCF4C59D7E52728A321C4E0C /* [CP] Check Pods Manifest.lock */ = {
			isa = PBXShellScriptBuildPhase;
			buildActionMask = 2147483647;
			files = (
			);
			inputPaths = (
				"${PODS_PODFILE_DIR_PATH}/Podfile.lock",
				"${PODS_ROOT}/Manifest.lock",
			);
			name = "[CP] Check Pods Manifest.lock";
			outputPaths = (
				"$(DERIVED_FILE_DIR)/Pods-loopr-iosUITests-checkManifestLockResult.txt",
			);
			runOnlyForDeploymentPostprocessing = 0;
			shellPath = /bin/sh;
			shellScript = "diff \"${PODS_PODFILE_DIR_PATH}/Podfile.lock\" \"${PODS_ROOT}/Manifest.lock\" > /dev/null\nif [ $? != 0 ] ; then\n    # print error to STDERR\n    echo \"error: The sandbox is not in sync with the Podfile.lock. Run 'pod install' or update your CocoaPods installation.\" >&2\n    exit 1\nfi\n# This output is used by Xcode 'outputs' to avoid re-running this script phase.\necho \"SUCCESS\" > \"${SCRIPT_OUTPUT_FILE_0}\"\n";
			showEnvVarsInLog = 0;
		};
/* End PBXShellScriptBuildPhase section */

/* Begin PBXSourcesBuildPhase section */
		AC798E3B2022B93A0071D477 /* Sources */ = {
			isa = PBXSourcesBuildPhase;
			buildActionMask = 2147483647;
			files = (
				AC01A2442022D9BE00FE8317 /* PortfolioViewController.swift in Sources */,
				AC01A2412022D94600FE8317 /* PortfolioNavigationController.swift in Sources */,
				ACB9115A20242B9D00F14644 /* AssetTableViewCell.swift in Sources */,
				AC798E432022B93A0071D477 /* AppDelegate.swift in Sources */,
				ACB911522024254F00F14644 /* WalletNavigationViewController.swift in Sources */,
				ACB911552024260E00F14644 /* WalletViewController.swift in Sources */,
			);
			runOnlyForDeploymentPostprocessing = 0;
		};
		AC798E512022B93B0071D477 /* Sources */ = {
			isa = PBXSourcesBuildPhase;
			buildActionMask = 2147483647;
			files = (
				AC798E5A2022B93B0071D477 /* loopr_iosTests.swift in Sources */,
			);
			runOnlyForDeploymentPostprocessing = 0;
		};
		AC798E5C2022B93B0071D477 /* Sources */ = {
			isa = PBXSourcesBuildPhase;
			buildActionMask = 2147483647;
			files = (
				AC798E652022B93B0071D477 /* loopr_iosUITests.swift in Sources */,
			);
			runOnlyForDeploymentPostprocessing = 0;
		};
/* End PBXSourcesBuildPhase section */

/* Begin PBXTargetDependency section */
		AC798E572022B93B0071D477 /* PBXTargetDependency */ = {
			isa = PBXTargetDependency;
			target = AC798E3E2022B93A0071D477 /* loopr-ios */;
			targetProxy = AC798E562022B93B0071D477 /* PBXContainerItemProxy */;
		};
		AC798E622022B93B0071D477 /* PBXTargetDependency */ = {
			isa = PBXTargetDependency;
			target = AC798E3E2022B93A0071D477 /* loopr-ios */;
			targetProxy = AC798E612022B93B0071D477 /* PBXContainerItemProxy */;
		};
/* End PBXTargetDependency section */

/* Begin PBXVariantGroup section */
		AC798E482022B93A0071D477 /* Main.storyboard */ = {
			isa = PBXVariantGroup;
			children = (
				AC798E492022B93A0071D477 /* Base */,
			);
			name = Main.storyboard;
			sourceTree = "<group>";
		};
		AC798E4D2022B93A0071D477 /* LaunchScreen.storyboard */ = {
			isa = PBXVariantGroup;
			children = (
				AC798E4E2022B93A0071D477 /* Base */,
			);
			name = LaunchScreen.storyboard;
			sourceTree = "<group>";
		};
/* End PBXVariantGroup section */

/* Begin XCBuildConfiguration section */
		AC798E672022B93B0071D477 /* Debug */ = {
			isa = XCBuildConfiguration;
			buildSettings = {
				ALWAYS_SEARCH_USER_PATHS = NO;
				CLANG_ANALYZER_NONNULL = YES;
				CLANG_ANALYZER_NUMBER_OBJECT_CONVERSION = YES_AGGRESSIVE;
				CLANG_CXX_LANGUAGE_STANDARD = "gnu++14";
				CLANG_CXX_LIBRARY = "libc++";
				CLANG_ENABLE_MODULES = YES;
				CLANG_ENABLE_OBJC_ARC = YES;
				CLANG_WARN_BLOCK_CAPTURE_AUTORELEASING = YES;
				CLANG_WARN_BOOL_CONVERSION = YES;
				CLANG_WARN_COMMA = YES;
				CLANG_WARN_CONSTANT_CONVERSION = YES;
				CLANG_WARN_DIRECT_OBJC_ISA_USAGE = YES_ERROR;
				CLANG_WARN_DOCUMENTATION_COMMENTS = YES;
				CLANG_WARN_EMPTY_BODY = YES;
				CLANG_WARN_ENUM_CONVERSION = YES;
				CLANG_WARN_INFINITE_RECURSION = YES;
				CLANG_WARN_INT_CONVERSION = YES;
				CLANG_WARN_NON_LITERAL_NULL_CONVERSION = YES;
				CLANG_WARN_OBJC_LITERAL_CONVERSION = YES;
				CLANG_WARN_OBJC_ROOT_CLASS = YES_ERROR;
				CLANG_WARN_RANGE_LOOP_ANALYSIS = YES;
				CLANG_WARN_STRICT_PROTOTYPES = YES;
				CLANG_WARN_SUSPICIOUS_MOVE = YES;
				CLANG_WARN_UNGUARDED_AVAILABILITY = YES_AGGRESSIVE;
				CLANG_WARN_UNREACHABLE_CODE = YES;
				CLANG_WARN__DUPLICATE_METHOD_MATCH = YES;
				CODE_SIGN_IDENTITY = "iPhone Developer";
				COPY_PHASE_STRIP = NO;
				DEBUG_INFORMATION_FORMAT = dwarf;
				ENABLE_STRICT_OBJC_MSGSEND = YES;
				ENABLE_TESTABILITY = YES;
				GCC_C_LANGUAGE_STANDARD = gnu11;
				GCC_DYNAMIC_NO_PIC = NO;
				GCC_NO_COMMON_BLOCKS = YES;
				GCC_OPTIMIZATION_LEVEL = 0;
				GCC_PREPROCESSOR_DEFINITIONS = (
					"DEBUG=1",
					"$(inherited)",
				);
				GCC_WARN_64_TO_32_BIT_CONVERSION = YES;
				GCC_WARN_ABOUT_RETURN_TYPE = YES_ERROR;
				GCC_WARN_UNDECLARED_SELECTOR = YES;
				GCC_WARN_UNINITIALIZED_AUTOS = YES_AGGRESSIVE;
				GCC_WARN_UNUSED_FUNCTION = YES;
				GCC_WARN_UNUSED_VARIABLE = YES;
				IPHONEOS_DEPLOYMENT_TARGET = 11.2;
				MTL_ENABLE_DEBUG_INFO = YES;
				ONLY_ACTIVE_ARCH = YES;
				SDKROOT = iphoneos;
				SWIFT_ACTIVE_COMPILATION_CONDITIONS = DEBUG;
				SWIFT_OPTIMIZATION_LEVEL = "-Onone";
			};
			name = Debug;
		};
		AC798E682022B93B0071D477 /* Release */ = {
			isa = XCBuildConfiguration;
			buildSettings = {
				ALWAYS_SEARCH_USER_PATHS = NO;
				CLANG_ANALYZER_NONNULL = YES;
				CLANG_ANALYZER_NUMBER_OBJECT_CONVERSION = YES_AGGRESSIVE;
				CLANG_CXX_LANGUAGE_STANDARD = "gnu++14";
				CLANG_CXX_LIBRARY = "libc++";
				CLANG_ENABLE_MODULES = YES;
				CLANG_ENABLE_OBJC_ARC = YES;
				CLANG_WARN_BLOCK_CAPTURE_AUTORELEASING = YES;
				CLANG_WARN_BOOL_CONVERSION = YES;
				CLANG_WARN_COMMA = YES;
				CLANG_WARN_CONSTANT_CONVERSION = YES;
				CLANG_WARN_DIRECT_OBJC_ISA_USAGE = YES_ERROR;
				CLANG_WARN_DOCUMENTATION_COMMENTS = YES;
				CLANG_WARN_EMPTY_BODY = YES;
				CLANG_WARN_ENUM_CONVERSION = YES;
				CLANG_WARN_INFINITE_RECURSION = YES;
				CLANG_WARN_INT_CONVERSION = YES;
				CLANG_WARN_NON_LITERAL_NULL_CONVERSION = YES;
				CLANG_WARN_OBJC_LITERAL_CONVERSION = YES;
				CLANG_WARN_OBJC_ROOT_CLASS = YES_ERROR;
				CLANG_WARN_RANGE_LOOP_ANALYSIS = YES;
				CLANG_WARN_STRICT_PROTOTYPES = YES;
				CLANG_WARN_SUSPICIOUS_MOVE = YES;
				CLANG_WARN_UNGUARDED_AVAILABILITY = YES_AGGRESSIVE;
				CLANG_WARN_UNREACHABLE_CODE = YES;
				CLANG_WARN__DUPLICATE_METHOD_MATCH = YES;
				CODE_SIGN_IDENTITY = "iPhone Developer";
				COPY_PHASE_STRIP = NO;
				DEBUG_INFORMATION_FORMAT = "dwarf-with-dsym";
				ENABLE_NS_ASSERTIONS = NO;
				ENABLE_STRICT_OBJC_MSGSEND = YES;
				GCC_C_LANGUAGE_STANDARD = gnu11;
				GCC_NO_COMMON_BLOCKS = YES;
				GCC_WARN_64_TO_32_BIT_CONVERSION = YES;
				GCC_WARN_ABOUT_RETURN_TYPE = YES_ERROR;
				GCC_WARN_UNDECLARED_SELECTOR = YES;
				GCC_WARN_UNINITIALIZED_AUTOS = YES_AGGRESSIVE;
				GCC_WARN_UNUSED_FUNCTION = YES;
				GCC_WARN_UNUSED_VARIABLE = YES;
				IPHONEOS_DEPLOYMENT_TARGET = 11.2;
				MTL_ENABLE_DEBUG_INFO = NO;
				SDKROOT = iphoneos;
				SWIFT_OPTIMIZATION_LEVEL = "-Owholemodule";
				VALIDATE_PRODUCT = YES;
			};
			name = Release;
		};
		AC798E6A2022B93B0071D477 /* Debug */ = {
			isa = XCBuildConfiguration;
			baseConfigurationReference = 39749EB6C85A60ED73F83B9E /* Pods-loopr-ios.debug.xcconfig */;
			buildSettings = {
				ASSETCATALOG_COMPILER_APPICON_NAME = AppIcon;
				CODE_SIGN_STYLE = Automatic;
				INFOPLIST_FILE = "loopr-ios/Info.plist";
				LD_RUNPATH_SEARCH_PATHS = "$(inherited) @executable_path/Frameworks";
				PRODUCT_BUNDLE_IDENTIFIER = "org.loopring.loopr-ios";
				PRODUCT_NAME = "$(TARGET_NAME)";
				SWIFT_VERSION = 4.0;
				TARGETED_DEVICE_FAMILY = "1,2";
			};
			name = Debug;
		};
		AC798E6B2022B93B0071D477 /* Release */ = {
			isa = XCBuildConfiguration;
			baseConfigurationReference = 0C8EC92DEC13D2448238E02B /* Pods-loopr-ios.release.xcconfig */;
			buildSettings = {
				ASSETCATALOG_COMPILER_APPICON_NAME = AppIcon;
				CODE_SIGN_STYLE = Automatic;
				INFOPLIST_FILE = "loopr-ios/Info.plist";
				LD_RUNPATH_SEARCH_PATHS = "$(inherited) @executable_path/Frameworks";
				PRODUCT_BUNDLE_IDENTIFIER = "org.loopring.loopr-ios";
				PRODUCT_NAME = "$(TARGET_NAME)";
				SWIFT_VERSION = 4.0;
				TARGETED_DEVICE_FAMILY = "1,2";
			};
			name = Release;
		};
		AC798E6D2022B93B0071D477 /* Debug */ = {
			isa = XCBuildConfiguration;
			baseConfigurationReference = 09AF2EB7279F5BD504C39C93 /* Pods-loopr-iosTests.debug.xcconfig */;
			buildSettings = {
				ALWAYS_EMBED_SWIFT_STANDARD_LIBRARIES = YES;
				BUNDLE_LOADER = "$(TEST_HOST)";
				CODE_SIGN_STYLE = Automatic;
				INFOPLIST_FILE = "loopr-iosTests/Info.plist";
				LD_RUNPATH_SEARCH_PATHS = "$(inherited) @executable_path/Frameworks @loader_path/Frameworks";
				PRODUCT_BUNDLE_IDENTIFIER = "org.loopring.loopr-iosTests";
				PRODUCT_NAME = "$(TARGET_NAME)";
				SWIFT_VERSION = 4.0;
				TARGETED_DEVICE_FAMILY = "1,2";
				TEST_HOST = "$(BUILT_PRODUCTS_DIR)/loopr-ios.app/loopr-ios";
			};
			name = Debug;
		};
		AC798E6E2022B93B0071D477 /* Release */ = {
			isa = XCBuildConfiguration;
			baseConfigurationReference = 69BC13297FDFA52B8E089485 /* Pods-loopr-iosTests.release.xcconfig */;
			buildSettings = {
				ALWAYS_EMBED_SWIFT_STANDARD_LIBRARIES = YES;
				BUNDLE_LOADER = "$(TEST_HOST)";
				CODE_SIGN_STYLE = Automatic;
				INFOPLIST_FILE = "loopr-iosTests/Info.plist";
				LD_RUNPATH_SEARCH_PATHS = "$(inherited) @executable_path/Frameworks @loader_path/Frameworks";
				PRODUCT_BUNDLE_IDENTIFIER = "org.loopring.loopr-iosTests";
				PRODUCT_NAME = "$(TARGET_NAME)";
				SWIFT_VERSION = 4.0;
				TARGETED_DEVICE_FAMILY = "1,2";
				TEST_HOST = "$(BUILT_PRODUCTS_DIR)/loopr-ios.app/loopr-ios";
			};
			name = Release;
		};
		AC798E702022B93B0071D477 /* Debug */ = {
			isa = XCBuildConfiguration;
			baseConfigurationReference = 1F40868E7899CDB0053DBF0D /* Pods-loopr-iosUITests.debug.xcconfig */;
			buildSettings = {
				ALWAYS_EMBED_SWIFT_STANDARD_LIBRARIES = YES;
				CODE_SIGN_STYLE = Automatic;
				INFOPLIST_FILE = "loopr-iosUITests/Info.plist";
				LD_RUNPATH_SEARCH_PATHS = "$(inherited) @executable_path/Frameworks @loader_path/Frameworks";
				PRODUCT_BUNDLE_IDENTIFIER = "org.loopring.loopr-iosUITests";
				PRODUCT_NAME = "$(TARGET_NAME)";
				SWIFT_VERSION = 4.0;
				TARGETED_DEVICE_FAMILY = "1,2";
				TEST_TARGET_NAME = "loopr-ios";
			};
			name = Debug;
		};
		AC798E712022B93B0071D477 /* Release */ = {
			isa = XCBuildConfiguration;
			baseConfigurationReference = 313AB53F5B8B485D1FE9A61C /* Pods-loopr-iosUITests.release.xcconfig */;
			buildSettings = {
				ALWAYS_EMBED_SWIFT_STANDARD_LIBRARIES = YES;
				CODE_SIGN_STYLE = Automatic;
				INFOPLIST_FILE = "loopr-iosUITests/Info.plist";
				LD_RUNPATH_SEARCH_PATHS = "$(inherited) @executable_path/Frameworks @loader_path/Frameworks";
				PRODUCT_BUNDLE_IDENTIFIER = "org.loopring.loopr-iosUITests";
				PRODUCT_NAME = "$(TARGET_NAME)";
				SWIFT_VERSION = 4.0;
				TARGETED_DEVICE_FAMILY = "1,2";
				TEST_TARGET_NAME = "loopr-ios";
			};
			name = Release;
		};
/* End XCBuildConfiguration section */

/* Begin XCConfigurationList section */
		AC798E3A2022B93A0071D477 /* Build configuration list for PBXProject "loopr-ios" */ = {
			isa = XCConfigurationList;
			buildConfigurations = (
				AC798E672022B93B0071D477 /* Debug */,
				AC798E682022B93B0071D477 /* Release */,
			);
			defaultConfigurationIsVisible = 0;
			defaultConfigurationName = Release;
		};
		AC798E692022B93B0071D477 /* Build configuration list for PBXNativeTarget "loopr-ios" */ = {
			isa = XCConfigurationList;
			buildConfigurations = (
				AC798E6A2022B93B0071D477 /* Debug */,
				AC798E6B2022B93B0071D477 /* Release */,
			);
			defaultConfigurationIsVisible = 0;
			defaultConfigurationName = Release;
		};
		AC798E6C2022B93B0071D477 /* Build configuration list for PBXNativeTarget "loopr-iosTests" */ = {
			isa = XCConfigurationList;
			buildConfigurations = (
				AC798E6D2022B93B0071D477 /* Debug */,
				AC798E6E2022B93B0071D477 /* Release */,
			);
			defaultConfigurationIsVisible = 0;
			defaultConfigurationName = Release;
		};
		AC798E6F2022B93B0071D477 /* Build configuration list for PBXNativeTarget "loopr-iosUITests" */ = {
			isa = XCConfigurationList;
			buildConfigurations = (
				AC798E702022B93B0071D477 /* Debug */,
				AC798E712022B93B0071D477 /* Release */,
			);
			defaultConfigurationIsVisible = 0;
			defaultConfigurationName = Release;
		};
/* End XCConfigurationList section */
	};
	rootObject = AC798E372022B93A0071D477 /* Project object */;
}
