PODS:
  - BigInt (3.0.1):
    - SipHash (~> 1.2)
  - Charts (3.0.5):
    - Charts/Core (= 3.0.5)
  - Charts/Core (3.0.5)
  - CryptoSwift (0.8.3)
  - DynamicBlurView (2.0.2)
  - FontBlaster (4.0.3)
  - Geth (1.8.3)
  - lottie-ios (2.5.0)
  - MarqueeLabel/Swift (3.1.4)
  - NotificationBannerSwift (1.6.2):
    - MarqueeLabel/Swift
    - SnapKit (~> 4.0)
  - pop (1.0.10)
  - PopupDialog (0.7.1):
    - DynamicBlurView (~> 2.0)
  - secp256k1_ios (0.1.2)
  - SipHash (1.2.0)
  - SnapKit (4.0.0)
  - Socket.IO-Client-Swift (13.1.2):
    - Starscream (~> 3.0.2)
  - Starscream (3.0.4)
  - SwiftLint (0.25.0)
  - SwiftTheme (0.4.1)
  - TrezorCrypto (0.0.4)

DEPENDENCIES:
  - BigInt
  - Charts
  - CryptoSwift
  - FontBlaster
  - Geth
  - lottie-ios
  - NotificationBannerSwift
  - pop
  - PopupDialog
  - secp256k1_ios (from `https://github.com/shamatar/secp256k1_ios.git`)
  - Socket.IO-Client-Swift (~> 13.1.0)
  - SwiftLint
  - SwiftTheme
  - TrezorCrypto

EXTERNAL SOURCES:
  secp256k1_ios:
    :git: https://github.com/shamatar/secp256k1_ios.git

CHECKOUT OPTIONS:
  secp256k1_ios:
    :commit: 506e3ca08780e3757ff07c5dfa65ea3cc3faae4b
    :git: https://github.com/shamatar/secp256k1_ios.git

SPEC CHECKSUMS:
  BigInt: 8e8a52161c745cd3ab78e3dc346a9fbee51e6cf6
  Charts: 45cdc985b764c838b35ee47eb1365d15735f6d1a
  CryptoSwift: 033efc3523865d19cc6ab6612fa17a62613b5dfa
  DynamicBlurView: aa6db4defc6e537eb86fc5e58dd3991666178399
  FontBlaster: f18031f5dde2ce689f5330e7005edfe3c0815957
  Geth: e00dad6a7592facdf063214be13b28b7e73b0df2
  lottie-ios: d699fdee68d7b63e721d949388b015fef1aaa4ac
  MarqueeLabel: bf768455fe88d427f71476ebb23f9092b660f40b
  NotificationBannerSwift: 4eceb2add9d5eaa0596c63d49690b4d6476e74ec
  pop: 82ca6b068ce9278fd350fd9dd09482a0ce9492e6
  PopupDialog: 39598b7d41719f5c025b4b70e62728bae7734fef
  secp256k1_ios: 168c6c49ed9771db51875f5255c8f9847e4cf554
  SipHash: c6e9e43e9c531b5bc6602545130c26194a6d31ce
  SnapKit: a42d492c16e80209130a3379f73596c3454b7694
  Socket.IO-Client-Swift: 010d2f464bdd1849b859c0cd0500d68194401ac8
  Starscream: f5da93fe6984c77b694366bf7299b7dc63a76f26
  SwiftLint: e14651157288e9e01d6e1a71db7014fb5744a8ea
  SwiftTheme: 36d71c4eed4b2c401c782cf036e4586c749a8173
  TrezorCrypto: 7f87a2296cf13872b21565c29fd9f7882dd00803

PODFILE CHECKSUM: 0c38db8c107077edcde896ce5f4ef62dbefad9c0

COCOAPODS: 1.4.0
